{
  "requires": true,
  "lockfileVersion": 1,
  "dependencies": {
    "@sindresorhus/is": {
      "version": "0.14.0",
      "resolved": "https://registry.npmjs.org/@sindresorhus/is/-/is-0.14.0.tgz",
      "integrity": "sha512-9NET910DNaIPngYnLLPeg+Ogzqsi9uM4mSboU5y6p8S5DzMTVEsJZrawi+BoDNUVBa2DhJqQYUFvMDfgU062LQ=="
    },
    "@szmarczak/http-timer": {
      "version": "1.1.2",
      "resolved": "https://registry.npmjs.org/@szmarczak/http-timer/-/http-timer-1.1.2.tgz",
      "integrity": "sha512-XIB2XbzHTN6ieIjfIMV9hlVcfPU26s2vafYWQcZHWXHOxiaRZYEDKEwdl129Zyg50+foYV2jCgtrqSA6qNuNSA==",
      "requires": {
        "defer-to-connect": "^1.0.1"
      }
    },
    "argparse": {
      "version": "1.0.10",
      "resolved": "https://registry.npmjs.org/argparse/-/argparse-1.0.10.tgz",
      "integrity": "sha512-o5Roy6tNG4SL/FOkCAN6RzjiakZS25RLYFrcMttJqbdd8BWrnA+fGz57iN5Pb06pvBGvl5gQ0B48dJlslXvoTg==",
      "requires": {
        "sprintf-js": "~1.0.2"
      }
    },
    "asynckit": {
      "version": "0.4.0",
      "resolved": "https://registry.npmjs.org/asynckit/-/asynckit-0.4.0.tgz",
      "integrity": "sha1-x57Zf380y48robyXkLzDZkdLS3k="
    },
    "cacheable-request": {
      "version": "6.1.0",
      "resolved": "https://registry.npmjs.org/cacheable-request/-/cacheable-request-6.1.0.tgz",
      "integrity": "sha512-Oj3cAGPCqOZX7Rz64Uny2GYAZNliQSqfbePrgAQ1wKAihYmCUnraBtJtKcGR4xz7wF+LoJC+ssFZvv5BgF9Igg==",
      "requires": {
        "clone-response": "^1.0.2",
        "get-stream": "^5.1.0",
        "http-cache-semantics": "^4.0.0",
        "keyv": "^3.0.0",
        "lowercase-keys": "^2.0.0",
        "normalize-url": "^4.1.0",
        "responselike": "^1.0.2"
      },
      "dependencies": {
        "get-stream": {
          "version": "5.1.0",
          "resolved": "https://registry.npmjs.org/get-stream/-/get-stream-5.1.0.tgz",
          "integrity": "sha512-EXr1FOzrzTfGeL0gQdeFEvOMm2mzMOglyiOXSTpPC+iAjAKftbr3jpCMWynogwYnM+eSj9sHGc6wjIcDvYiygw==",
          "requires": {
            "pump": "^3.0.0"
          }
        },
        "lowercase-keys": {
          "version": "2.0.0",
          "resolved": "https://registry.npmjs.org/lowercase-keys/-/lowercase-keys-2.0.0.tgz",
          "integrity": "sha512-tqNXrS78oMOE73NMxK4EMLQsQowWf8jKooH9g7xPavRT706R6bkQJ6DY2Te7QukaZsulxa30wQ7bk0pm4XiHmA=="
        }
      }
    },
    "camel-case": {
      "version": "3.0.0",
      "resolved": "https://registry.npmjs.org/camel-case/-/camel-case-3.0.0.tgz",
      "integrity": "sha1-yjw2iKTpzzpM2nd9xNy8cTJJz3M=",
      "requires": {
        "no-case": "^2.2.0",
        "upper-case": "^1.1.1"
      }
    },
    "change-case": {
      "version": "3.1.0",
      "resolved": "https://registry.npmjs.org/change-case/-/change-case-3.1.0.tgz",
      "integrity": "sha512-2AZp7uJZbYEzRPsFoa+ijKdvp9zsrnnt6+yFokfwEpeJm0xuJDVoxiRCAaTzyJND8GJkofo2IcKWaUZ/OECVzw==",
      "requires": {
        "camel-case": "^3.0.0",
        "constant-case": "^2.0.0",
        "dot-case": "^2.1.0",
        "header-case": "^1.0.0",
        "is-lower-case": "^1.1.0",
        "is-upper-case": "^1.1.0",
        "lower-case": "^1.1.1",
        "lower-case-first": "^1.0.0",
        "no-case": "^2.3.2",
        "param-case": "^2.1.0",
        "pascal-case": "^2.0.0",
        "path-case": "^2.1.0",
        "sentence-case": "^2.1.0",
        "snake-case": "^2.1.0",
        "swap-case": "^1.1.0",
        "title-case": "^2.1.0",
        "upper-case": "^1.1.1",
        "upper-case-first": "^1.1.0"
      }
    },
    "charenc": {
      "version": "0.0.2",
      "resolved": "https://registry.npmjs.org/charenc/-/charenc-0.0.2.tgz",
      "integrity": "sha1-wKHS86cJLgN3S/qD8UwPxXkKhmc="
    },
    "clone": {
      "version": "2.1.2",
      "resolved": "https://registry.npmjs.org/clone/-/clone-2.1.2.tgz",
      "integrity": "sha1-G39Ln1kfHo+DZwQBYANFoCiHQ18="
    },
    "clone-response": {
      "version": "1.0.2",
      "resolved": "https://registry.npmjs.org/clone-response/-/clone-response-1.0.2.tgz",
      "integrity": "sha1-0dyXOSAxTfZ/vrlCI7TuNQI56Ws=",
      "requires": {
        "mimic-response": "^1.0.0"
      }
    },
    "combined-stream": {
      "version": "1.0.8",
      "resolved": "https://registry.npmjs.org/combined-stream/-/combined-stream-1.0.8.tgz",
      "integrity": "sha512-FQN4MRfuJeHf7cBbBMJFXhKSDq+2kAArBlmRBvcvFE5BB1HZKXtSFASDhdlz9zOYwxh8lDdnvmMOe/+5cdoEdg==",
      "requires": {
        "delayed-stream": "~1.0.0"
      }
    },
    "constant-case": {
      "version": "2.0.0",
      "resolved": "https://registry.npmjs.org/constant-case/-/constant-case-2.0.0.tgz",
      "integrity": "sha1-QXV2TTidP6nI7NKRhu1gBSQ7akY=",
      "requires": {
        "snake-case": "^2.1.0",
        "upper-case": "^1.1.1"
      }
    },
    "crowdin": {
      "version": "3.5.0",
      "resolved": "https://registry.npmjs.org/crowdin/-/crowdin-3.5.0.tgz",
      "integrity": "sha512-qyLtfanpacJq/2SFkkm+Pty6mUTBgV3YySrFAxAY+y3iOILIMuNcKxJ2CpyvIeIqZ2YoUo/AeDzQMchM4FdMZg==",
      "requires": {
        "change-case": "^3.1.0",
        "form-data": "^2.5.1",
        "got": "^9.6.0",
        "js-yaml": "^3.13.1",
        "json-schema-deref-sync": "^0.10.1",
        "lodash": "^4.17.15",
        "pupa": "^2.0.1"
      }
    },
    "crypt": {
      "version": "0.0.2",
      "resolved": "https://registry.npmjs.org/crypt/-/crypt-0.0.2.tgz",
      "integrity": "sha1-iNf/fsDfuG9xPch7u0LQRNPmxBs="
    },
    "dag-map": {
      "version": "1.0.2",
      "resolved": "https://registry.npmjs.org/dag-map/-/dag-map-1.0.2.tgz",
      "integrity": "sha1-6DefBBAA7VYfxRVHXB7SyF7s6Nc="
    },
    "decompress-response": {
      "version": "3.3.0",
      "resolved": "https://registry.npmjs.org/decompress-response/-/decompress-response-3.3.0.tgz",
      "integrity": "sha1-gKTdMjdIOEv6JICDYirt7Jgq3/M=",
      "requires": {
        "mimic-response": "^1.0.0"
      }
    },
    "defer-to-connect": {
      "version": "1.1.3",
      "resolved": "https://registry.npmjs.org/defer-to-connect/-/defer-to-connect-1.1.3.tgz",
      "integrity": "sha512-0ISdNousHvZT2EiFlZeZAHBUvSxmKswVCEf8hW7KWgG4a8MVEu/3Vb6uWYozkjylyCxe0JBIiRB1jV45S70WVQ=="
    },
    "delayed-stream": {
      "version": "1.0.0",
      "resolved": "https://registry.npmjs.org/delayed-stream/-/delayed-stream-1.0.0.tgz",
      "integrity": "sha1-3zrhmayt+31ECqrgsp4icrJOxhk="
    },
    "dot-case": {
      "version": "2.1.1",
      "resolved": "https://registry.npmjs.org/dot-case/-/dot-case-2.1.1.tgz",
      "integrity": "sha1-NNzzf1Co6TwrO8qLt/uRVcfaO+4=",
      "requires": {
        "no-case": "^2.2.0"
      }
    },
    "duplexer3": {
      "version": "0.1.4",
      "resolved": "https://registry.npmjs.org/duplexer3/-/duplexer3-0.1.4.tgz",
      "integrity": "sha1-7gHdHKwO08vH/b6jfcCo8c4ALOI="
    },
    "end-of-stream": {
      "version": "1.4.4",
      "resolved": "https://registry.npmjs.org/end-of-stream/-/end-of-stream-1.4.4.tgz",
      "integrity": "sha512-+uw1inIHVPQoaVuHzRyXd21icM+cnt4CzD5rW+NC1wjOUSTOs+Te7FOv7AhN7vS9x/oIyhLP5PR1H+phQAHu5Q==",
      "requires": {
        "once": "^1.4.0"
      }
    },
    "escape-goat": {
      "version": "2.1.1",
      "resolved": "https://registry.npmjs.org/escape-goat/-/escape-goat-2.1.1.tgz",
      "integrity": "sha512-8/uIhbG12Csjy2JEW7D9pHbreaVaS/OpN3ycnyvElTdwM5n6GY6W6e2IPemfvGZeUMqZ9A/3GqIZMgKnBhAw/Q=="
    },
    "esprima": {
      "version": "4.0.1",
      "resolved": "https://registry.npmjs.org/esprima/-/esprima-4.0.1.tgz",
      "integrity": "sha512-eGuFFw7Upda+g4p+QHvnW0RyTX/SVeJBDM/gCtMARO0cLuT2HcEKnTPvhjV6aGeqrCB/sbNop0Kszm0jsaWU4A=="
    },
    "form-data": {
      "version": "2.5.1",
      "resolved": "https://registry.npmjs.org/form-data/-/form-data-2.5.1.tgz",
      "integrity": "sha512-m21N3WOmEEURgk6B9GLOE4RuWOFf28Lhh9qGYeNlGq4VDXUlJy2th2slBNU8Gp8EzloYZOibZJ7t5ecIrFSjVA==",
      "requires": {
        "asynckit": "^0.4.0",
        "combined-stream": "^1.0.6",
        "mime-types": "^2.1.12"
      }
    },
    "get-stream": {
      "version": "4.1.0",
      "resolved": "https://registry.npmjs.org/get-stream/-/get-stream-4.1.0.tgz",
      "integrity": "sha512-GMat4EJ5161kIy2HevLlr4luNjBgvmj413KaQA7jt4V8B4RDsfpHk7WQ9GVqfYyyx8OS/L66Kox+rJRNklLK7w==",
      "requires": {
        "pump": "^3.0.0"
      }
    },
    "got": {
      "version": "9.6.0",
      "resolved": "https://registry.npmjs.org/got/-/got-9.6.0.tgz",
      "integrity": "sha512-R7eWptXuGYxwijs0eV+v3o6+XH1IqVK8dJOEecQfTmkncw9AV4dcw/Dhxi8MdlqPthxxpZyizMzyg8RTmEsG+Q==",
      "requires": {
        "@sindresorhus/is": "^0.14.0",
        "@szmarczak/http-timer": "^1.1.2",
        "cacheable-request": "^6.0.0",
        "decompress-response": "^3.3.0",
        "duplexer3": "^0.1.4",
        "get-stream": "^4.1.0",
        "lowercase-keys": "^1.0.1",
        "mimic-response": "^1.0.1",
        "p-cancelable": "^1.0.0",
        "to-readable-stream": "^1.0.0",
        "url-parse-lax": "^3.0.0"
      }
    },
    "header-case": {
      "version": "1.0.1",
      "resolved": "https://registry.npmjs.org/header-case/-/header-case-1.0.1.tgz",
      "integrity": "sha1-lTWXMZfBRLCWE81l0xfvGZY70C0=",
      "requires": {
        "no-case": "^2.2.0",
        "upper-case": "^1.1.3"
      }
    },
    "http-cache-semantics": {
      "version": "4.1.0",
      "resolved": "https://registry.npmjs.org/http-cache-semantics/-/http-cache-semantics-4.1.0.tgz",
      "integrity": "sha512-carPklcUh7ROWRK7Cv27RPtdhYhUsela/ue5/jKzjegVvXDqM2ILE9Q2BGn9JZJh1g87cp56su/FgQSzcWS8cQ=="
    },
    "is-buffer": {
      "version": "1.1.6",
      "resolved": "https://registry.npmjs.org/is-buffer/-/is-buffer-1.1.6.tgz",
      "integrity": "sha512-NcdALwpXkTm5Zvvbk7owOUSvVvBKDgKP5/ewfXEznmQFfs4ZRmanOeKBTjRVjka3QFoN6XJ+9F3USqfHqTaU5w=="
    },
    "is-extglob": {
      "version": "1.0.0",
      "resolved": "https://registry.npmjs.org/is-extglob/-/is-extglob-1.0.0.tgz",
      "integrity": "sha1-rEaBd8SUNAWgkvyPKXYMb/xiBsA="
    },
    "is-glob": {
      "version": "2.0.1",
      "resolved": "https://registry.npmjs.org/is-glob/-/is-glob-2.0.1.tgz",
      "integrity": "sha1-0Jb5JqPe1WAPP9/ZEZjLCIjC2GM=",
      "requires": {
        "is-extglob": "^1.0.0"
      }
    },
    "is-invalid-path": {
      "version": "0.1.0",
      "resolved": "https://registry.npmjs.org/is-invalid-path/-/is-invalid-path-0.1.0.tgz",
      "integrity": "sha1-MHqFWzzxqTi0TqcNLGEQYFNxTzQ=",
      "requires": {
        "is-glob": "^2.0.0"
      }
    },
    "is-lower-case": {
      "version": "1.1.3",
      "resolved": "https://registry.npmjs.org/is-lower-case/-/is-lower-case-1.1.3.tgz",
      "integrity": "sha1-fhR75HaNxGbbO/shzGCzHmrWk5M=",
      "requires": {
        "lower-case": "^1.1.0"
      }
    },
    "is-upper-case": {
      "version": "1.1.2",
      "resolved": "https://registry.npmjs.org/is-upper-case/-/is-upper-case-1.1.2.tgz",
      "integrity": "sha1-jQsfp+eTOh5YSDYA7H2WYcuvdW8=",
      "requires": {
        "upper-case": "^1.1.0"
      }
    },
    "is-valid-path": {
      "version": "0.1.1",
      "resolved": "https://registry.npmjs.org/is-valid-path/-/is-valid-path-0.1.1.tgz",
      "integrity": "sha1-EQ+f90w39mPh7HkV60UfLbk6yd8=",
      "requires": {
        "is-invalid-path": "^0.1.0"
      }
    },
    "js-yaml": {
      "version": "3.14.0",
      "resolved": "https://registry.npmjs.org/js-yaml/-/js-yaml-3.14.0.tgz",
      "integrity": "sha512-/4IbIeHcD9VMHFqDR/gQ7EdZdLimOvW2DdcxFjdyyZ9NsbS+ccrXqVWDtab/lRl5AlUqmpBx8EhPaWR+OtY17A==",
      "requires": {
        "argparse": "^1.0.7",
        "esprima": "^4.0.0"
      }
    },
    "json-buffer": {
      "version": "3.0.0",
      "resolved": "https://registry.npmjs.org/json-buffer/-/json-buffer-3.0.0.tgz",
      "integrity": "sha1-Wx85evx11ne96Lz8Dkfh+aPZqJg="
    },
    "json-schema-deref-sync": {
      "version": "0.10.1",
      "resolved": "https://registry.npmjs.org/json-schema-deref-sync/-/json-schema-deref-sync-0.10.1.tgz",
      "integrity": "sha512-ESkdgGyLg5H0el8VvLe3ss8ANsRH05dPOG19HQ2T4hWG/rD1N6Iei7Xltc8Wwcz4pqc+mGWihP2d4mFWtk7A3A==",
      "requires": {
        "clone": "^2.1.2",
        "dag-map": "~1.0.0",
        "is-valid-path": "^0.1.1",
        "lodash": "^4.17.13",
        "md5": "~2.2.0",
        "memory-cache": "~0.2.0",
        "traverse": "~0.6.6",
        "valid-url": "~1.0.9"
      }
    },
    "keyv": {
      "version": "3.1.0",
      "resolved": "https://registry.npmjs.org/keyv/-/keyv-3.1.0.tgz",
      "integrity": "sha512-9ykJ/46SN/9KPM/sichzQ7OvXyGDYKGTaDlKMGCAlg2UK8KRy4jb0d8sFc+0Tt0YYnThq8X2RZgCg74RPxgcVA==",
      "requires": {
        "json-buffer": "3.0.0"
      }
    },
    "lodash": {
      "version": "4.17.15",
      "resolved": "https://registry.npmjs.org/lodash/-/lodash-4.17.15.tgz",
      "integrity": "sha512-8xOcRHvCjnocdS5cpwXQXVzmmh5e5+saE2QGoeQmbKmRS6J3VQppPOIt0MnmE+4xlZoumy0GPG0D0MVIQbNA1A=="
    },
    "lower-case": {
      "version": "1.1.4",
      "resolved": "https://registry.npmjs.org/lower-case/-/lower-case-1.1.4.tgz",
      "integrity": "sha1-miyr0bno4K6ZOkv31YdcOcQujqw="
    },
    "lower-case-first": {
      "version": "1.0.2",
      "resolved": "https://registry.npmjs.org/lower-case-first/-/lower-case-first-1.0.2.tgz",
      "integrity": "sha1-5dp8JvKacHO+AtUrrJmA5ZIq36E=",
      "requires": {
        "lower-case": "^1.1.2"
      }
    },
    "lowercase-keys": {
      "version": "1.0.1",
      "resolved": "https://registry.npmjs.org/lowercase-keys/-/lowercase-keys-1.0.1.tgz",
      "integrity": "sha512-G2Lj61tXDnVFFOi8VZds+SoQjtQC3dgokKdDG2mTm1tx4m50NUHBOZSBwQQHyy0V12A0JTG4icfZQH+xPyh8VA=="
    },
    "md5": {
      "version": "2.2.1",
      "resolved": "https://registry.npmjs.org/md5/-/md5-2.2.1.tgz",
      "integrity": "sha1-U6s41f48iJG6RlMp6iP6wFQBJvk=",
      "requires": {
        "charenc": "~0.0.1",
        "crypt": "~0.0.1",
        "is-buffer": "~1.1.1"
      }
    },
    "memory-cache": {
      "version": "0.2.0",
      "resolved": "https://registry.npmjs.org/memory-cache/-/memory-cache-0.2.0.tgz",
      "integrity": "sha1-eJCwHVLADI68nVM+H46xfjA0hxo="
    },
    "mime-db": {
      "version": "1.44.0",
      "resolved": "https://registry.npmjs.org/mime-db/-/mime-db-1.44.0.tgz",
      "integrity": "sha512-/NOTfLrsPBVeH7YtFPgsVWveuL+4SjjYxaQ1xtM1KMFj7HdxlBlxeyNLzhyJVx7r4rZGJAZ/6lkKCitSc/Nmpg=="
    },
    "mime-types": {
      "version": "2.1.27",
      "resolved": "https://registry.npmjs.org/mime-types/-/mime-types-2.1.27.tgz",
      "integrity": "sha512-JIhqnCasI9yD+SsmkquHBxTSEuZdQX5BuQnS2Vc7puQQQ+8yiP5AY5uWhpdv4YL4VM5c6iliiYWPgJ/nJQLp7w==",
      "requires": {
        "mime-db": "1.44.0"
      }
    },
    "mimic-response": {
      "version": "1.0.1",
      "resolved": "https://registry.npmjs.org/mimic-response/-/mimic-response-1.0.1.tgz",
      "integrity": "sha512-j5EctnkH7amfV/q5Hgmoal1g2QHFJRraOtmx0JpIqkxhBhI/lJSl1nMpQ45hVarwNETOoWEimndZ4QK0RHxuxQ=="
    },
    "no-case": {
      "version": "2.3.2",
      "resolved": "https://registry.npmjs.org/no-case/-/no-case-2.3.2.tgz",
      "integrity": "sha512-rmTZ9kz+f3rCvK2TD1Ue/oZlns7OGoIWP4fc3llxxRXlOkHKoWPPWJOfFYpITabSow43QJbRIoHQXtt10VldyQ==",
      "requires": {
        "lower-case": "^1.1.1"
      }
    },
    "normalize-url": {
      "version": "4.5.0",
      "resolved": "https://registry.npmjs.org/normalize-url/-/normalize-url-4.5.0.tgz",
      "integrity": "sha512-2s47yzUxdexf1OhyRi4Em83iQk0aPvwTddtFz4hnSSw9dCEsLEGf6SwIO8ss/19S9iBb5sJaOuTvTGDeZI00BQ=="
    },
    "once": {
      "version": "1.4.0",
      "resolved": "https://registry.npmjs.org/once/-/once-1.4.0.tgz",
      "integrity": "sha1-WDsap3WWHUsROsF9nFC6753Xa9E=",
      "requires": {
        "wrappy": "1"
      }
    },
    "p-cancelable": {
      "version": "1.1.0",
      "resolved": "https://registry.npmjs.org/p-cancelable/-/p-cancelable-1.1.0.tgz",
      "integrity": "sha512-s73XxOZ4zpt1edZYZzvhqFa6uvQc1vwUa0K0BdtIZgQMAJj9IbebH+JkgKZc9h+B05PKHLOTl4ajG1BmNrVZlw=="
    },
    "param-case": {
      "version": "2.1.1",
      "resolved": "https://registry.npmjs.org/param-case/-/param-case-2.1.1.tgz",
      "integrity": "sha1-35T9jPZTHs915r75oIWPvHK+Ikc=",
      "requires": {
        "no-case": "^2.2.0"
      }
    },
    "pascal-case": {
      "version": "2.0.1",
      "resolved": "https://registry.npmjs.org/pascal-case/-/pascal-case-2.0.1.tgz",
      "integrity": "sha1-LVeNNFX2YNpl7KGO+VtODekSdh4=",
      "requires": {
        "camel-case": "^3.0.0",
        "upper-case-first": "^1.1.0"
      }
    },
    "path-case": {
      "version": "2.1.1",
      "resolved": "https://registry.npmjs.org/path-case/-/path-case-2.1.1.tgz",
      "integrity": "sha1-lLgDfDctP+KQbkZbtF4l0ibo7qU=",
      "requires": {
        "no-case": "^2.2.0"
      }
    },
    "prepend-http": {
      "version": "2.0.0",
      "resolved": "https://registry.npmjs.org/prepend-http/-/prepend-http-2.0.0.tgz",
      "integrity": "sha1-6SQ0v6XqjBn0HN/UAddBo8gZ2Jc="
    },
    "pump": {
      "version": "3.0.0",
      "resolved": "https://registry.npmjs.org/pump/-/pump-3.0.0.tgz",
      "integrity": "sha512-LwZy+p3SFs1Pytd/jYct4wpv49HiYCqd9Rlc5ZVdk0V+8Yzv6jR5Blk3TRmPL1ft69TxP0IMZGJ+WPFU2BFhww==",
      "requires": {
        "end-of-stream": "^1.1.0",
        "once": "^1.3.1"
      }
    },
    "pupa": {
      "version": "2.0.1",
      "resolved": "https://registry.npmjs.org/pupa/-/pupa-2.0.1.tgz",
      "integrity": "sha512-hEJH0s8PXLY/cdXh66tNEQGndDrIKNqNC5xmrysZy3i5C3oEoLna7YAOad+7u125+zH1HNXUmGEkrhb3c2VriA==",
      "requires": {
        "escape-goat": "^2.0.0"
      }
    },
    "responselike": {
      "version": "1.0.2",
      "resolved": "https://registry.npmjs.org/responselike/-/responselike-1.0.2.tgz",
      "integrity": "sha1-kYcg7ztjHFZCvgaPFa3lpG9Loec=",
      "requires": {
        "lowercase-keys": "^1.0.0"
      }
    },
    "sentence-case": {
      "version": "2.1.1",
      "resolved": "https://registry.npmjs.org/sentence-case/-/sentence-case-2.1.1.tgz",
      "integrity": "sha1-H24t2jnBaL+S0T+G1KkYkz9mftQ=",
      "requires": {
        "no-case": "^2.2.0",
        "upper-case-first": "^1.1.2"
      }
    },
    "snake-case": {
      "version": "2.1.0",
      "resolved": "https://registry.npmjs.org/snake-case/-/snake-case-2.1.0.tgz",
      "integrity": "sha1-Qb2xtz8w7GagTU4srRt2OH1NbZ8=",
      "requires": {
        "no-case": "^2.2.0"
      }
    },
    "sprintf-js": {
      "version": "1.0.3",
      "resolved": "https://registry.npmjs.org/sprintf-js/-/sprintf-js-1.0.3.tgz",
      "integrity": "sha1-BOaSb2YolTVPPdAVIDYzuFcpfiw="
    },
    "swap-case": {
      "version": "1.1.2",
      "resolved": "https://registry.npmjs.org/swap-case/-/swap-case-1.1.2.tgz",
      "integrity": "sha1-w5IDpFhzhfrTyFCgvRvK+ggZdOM=",
      "requires": {
        "lower-case": "^1.1.1",
        "upper-case": "^1.1.1"
      }
    },
    "title-case": {
      "version": "2.1.1",
      "resolved": "https://registry.npmjs.org/title-case/-/title-case-2.1.1.tgz",
      "integrity": "sha1-PhJyFtpY0rxb7PE3q5Ha46fNj6o=",
      "requires": {
        "no-case": "^2.2.0",
        "upper-case": "^1.0.3"
      }
    },
    "to-readable-stream": {
      "version": "1.0.0",
      "resolved": "https://registry.npmjs.org/to-readable-stream/-/to-readable-stream-1.0.0.tgz",
      "integrity": "sha512-Iq25XBt6zD5npPhlLVXGFN3/gyR2/qODcKNNyTMd4vbm39HUaOiAM4PMq0eMVC/Tkxz+Zjdsc55g9yyz+Yq00Q=="
    },
    "traverse": {
      "version": "0.6.6",
      "resolved": "https://registry.npmjs.org/traverse/-/traverse-0.6.6.tgz",
      "integrity": "sha1-y99WD9e5r2MlAv7UD5GMFX6pcTc="
    },
    "upper-case": {
      "version": "1.1.3",
      "resolved": "https://registry.npmjs.org/upper-case/-/upper-case-1.1.3.tgz",
      "integrity": "sha1-9rRQHC7EzdJrp4vnIilh3ndiFZg="
    },
    "upper-case-first": {
      "version": "1.1.2",
      "resolved": "https://registry.npmjs.org/upper-case-first/-/upper-case-first-1.1.2.tgz",
      "integrity": "sha1-XXm+3P8UQZUY/S7bCgUHybaFkRU=",
      "requires": {
        "upper-case": "^1.1.1"
      }
    },
    "url-parse-lax": {
      "version": "3.0.0",
      "resolved": "https://registry.npmjs.org/url-parse-lax/-/url-parse-lax-3.0.0.tgz",
      "integrity": "sha1-FrXK/Afb42dsGxmZF3gj1lA6yww=",
      "requires": {
        "prepend-http": "^2.0.0"
      }
    },
    "valid-url": {
      "version": "1.0.9",
      "resolved": "https://registry.npmjs.org/valid-url/-/valid-url-1.0.9.tgz",
      "integrity": "sha1-HBRHm0DxOXp1eC8RXkCGRHQzogA="
    },
    "wrappy": {
      "version": "1.0.2",
      "resolved": "https://registry.npmjs.org/wrappy/-/wrappy-1.0.2.tgz",
      "integrity": "sha1-tSQ9jz7BqjXxNkYFvA0QNuMKtp8="
    }
  }
}
